
Microsoft Visual Studio Solution File, Format Version 12.00
# Visual Studio Version 16
VisualStudioVersion = 16.0.29926.136
MinimumVisualStudioVersion = 10.0.40219.1
Project("{9A19103F-16F7-4668-BE54-9A1E7A4F7556}") = "CLISearch", "CLISearch.csproj", "{919B4EF9-04E5-42B6-A88B-F69264FD58D8}"
EndProject
Project("{9A19103F-16F7-4668-BE54-9A1E7A4F7556}") = "NUnitTest_CLISearch", "..\NUnitTest_CLISearch\NUnitTest_CLISearch.csproj", "{7D7933D8-B8A8-4559-93D9-75170C893401}"
EndProject
Project("{9A19103F-16F7-4668-BE54-9A1E7A4F7556}") = "Logic", "..\Logic\Logic.csproj", "{9F4CDA5B-A1A0-4870-B454-3C807B8794E2}"
EndProject
Global
	GlobalSection(SolutionConfigurationPlatforms) = preSolution
		Debug|Any CPU = Debug|Any CPU
		Release|Any CPU = Release|Any CPU
	EndGlobalSection
	GlobalSection(ProjectConfigurationPlatforms) = postSolution
		{919B4EF9-04E5-42B6-A88B-F69264FD58D8}.Debug|Any CPU.ActiveCfg = Debug|Any CPU
		{919B4EF9-04E5-42B6-A88B-F69264FD58D8}.Debug|Any CPU.Build.0 = Debug|Any CPU
		{919B4EF9-04E5-42B6-A88B-F69264FD58D8}.Release|Any CPU.ActiveCfg = Release|Any CPU
		{919B4EF9-04E5-42B6-A88B-F69264FD58D8}.Release|Any CPU.Build.0 = Release|Any CPU
		{7D7933D8-B8A8-4559-93D9-75170C893401}.Debug|Any CPU.ActiveCfg = Debug|Any CPU
		{7D7933D8-B8A8-4559-93D9-75170C893401}.Debug|Any CPU.Build.0 = Debug|Any CPU
		{7D7933D8-B8A8-4559-93D9-75170C893401}.Release|Any CPU.ActiveCfg = Release|Any CPU
		{7D7933D8-B8A8-4559-93D9-75170C893401}.Release|Any CPU.Build.0 = Release|Any CPU
		{9F4CDA5B-A1A0-4870-B454-3C807B8794E2}.Debug|Any CPU.ActiveCfg = Debug|Any CPU
		{9F4CDA5B-A1A0-4870-B454-3C807B8794E2}.Debug|Any CPU.Build.0 = Debug|Any CPU
		{9F4CDA5B-A1A0-4870-B454-3C807B8794E2}.Release|Any CPU.ActiveCfg = Release|Any CPU
		{9F4CDA5B-A1A0-4870-B454-3C807B8794E2}.Release|Any CPU.Build.0 = Release|Any CPU
	EndGlobalSection
	GlobalSection(SolutionProperties) = preSolution
		HideSolutionNode = FALSE
	EndGlobalSection
	GlobalSection(ExtensibilityGlobals) = postSolution
		SolutionGuid = {D9081EDB-578A-4916-84C7-059BB2FF15BF}
	EndGlobalSection
EndGlobal
